
Microsoft Visual Studio Solution File, Format Version 12.00
# Visual Studio 15
VisualStudioVersion = 15.0.26730.16
MinimumVisualStudioVersion = 10.0.40219.1
Project("{FAE04EC0-301F-11D3-BF4B-00C04F79EFBC}") = "HTTPMiniServer", "HTTPMiniServer\HTTPMiniServer.csproj", "{BA1EDC67-9267-4788-B444-832688413784}"
EndProject
Global
	GlobalSection(SolutionConfigurationPlatforms) = preSolution
		Debug|Any CPU = Debug|Any CPU
		Release|Any CPU = Release|Any CPU
	EndGlobalSection
	GlobalSection(ProjectConfigurationPlatforms) = postSolution
		{BA1EDC67-9267-4788-B444-832688413784}.Debug|Any CPU.ActiveCfg = Debug|Any CPU
		{BA1EDC67-9267-4788-B444-832688413784}.Debug|Any CPU.Build.0 = Debug|Any CPU
		{BA1EDC67-9267-4788-B444-832688413784}.Release|Any CPU.ActiveCfg = Release|Any CPU
		{BA1EDC67-9267-4788-B444-832688413784}.Release|Any CPU.Build.0 = Release|Any CPU
	EndGlobalSection
	GlobalSection(SolutionProperties) = preSolution
		HideSolutionNode = FALSE
	EndGlobalSection
	GlobalSection(ExtensibilityGlobals) = postSolution
		SolutionGuid = {2E8A11E1-3317-4BE6-8F15-C23A0DBE81C0}
	EndGlobalSection
EndGlobal
